
Microsoft Visual Studio Solution File, Format Version 12.00
# Visual Studio Version 17
VisualStudioVersion = 17.1.32319.34
MinimumVisualStudioVersion = 10.0.40219.1
Project("{9A19103F-16F7-4668-BE54-9A1E7A4F7556}") = "Excalibur.Timeline.Demo", "Excalibur.Timeline.Demo\Excalibur.Timeline.Demo.csproj", "{417601C9-C090-45D0-BFFD-D743111DD95A}"
EndProject
Project("{FAE04EC0-301F-11D3-BF4B-00C04F79EFBC}") = "Excalibur.Timeline", "Excalibur.Timeline\Excalibur.Timeline.csproj", "{23744F36-26C3-49F9-81AE-2CC1ED3E6474}"
EndProject
Global
	GlobalSection(SolutionConfigurationPlatforms) = preSolution
		Debug|Any CPU = Debug|Any CPU
		Release|Any CPU = Release|Any CPU
	EndGlobalSection
	GlobalSection(ProjectConfigurationPlatforms) = postSolution
		{417601C9-C090-45D0-BFFD-D743111DD95A}.Debug|Any CPU.ActiveCfg = Debug|Any CPU
		{417601C9-C090-45D0-BFFD-D743111DD95A}.Debug|Any CPU.Build.0 = Debug|Any CPU
		{417601C9-C090-45D0-BFFD-D743111DD95A}.Release|Any CPU.ActiveCfg = Release|Any CPU
		{417601C9-C090-45D0-BFFD-D743111DD95A}.Release|Any CPU.Build.0 = Release|Any CPU
		{23744F36-26C3-49F9-81AE-2CC1ED3E6474}.Debug|Any CPU.ActiveCfg = Debug|Any CPU
		{23744F36-26C3-49F9-81AE-2CC1ED3E6474}.Debug|Any CPU.Build.0 = Debug|Any CPU
		{23744F36-26C3-49F9-81AE-2CC1ED3E6474}.Release|Any CPU.ActiveCfg = Release|Any CPU
		{23744F36-26C3-49F9-81AE-2CC1ED3E6474}.Release|Any CPU.Build.0 = Release|Any CPU
	EndGlobalSection
	GlobalSection(SolutionProperties) = preSolution
		HideSolutionNode = FALSE
	EndGlobalSection
	GlobalSection(ExtensibilityGlobals) = postSolution
		SolutionGuid = {F3180CBF-1D64-4372-90E4-F40529BD6436}
	EndGlobalSection
EndGlobal
